// !$*UTF8*$!
{
	archiveVersion = 1;
	classes = {
	};
	objectVersion = 56;
	objects = {

/* Begin PBXBuildFile section */
		A630D4C7296558F600FAA669 /* AppDelegate.swift in Sources */ = {isa = PBXBuildFile; fileRef = A630D4C6296558F600FAA669 /* AppDelegate.swift */; };
		A630D4C9296558F600FAA669 /* SceneDelegate.swift in Sources */ = {isa = PBXBuildFile; fileRef = A630D4C8296558F600FAA669 /* SceneDelegate.swift */; };
		A630D4CB296558F600FAA669 /* InitialViewController.swift in Sources */ = {isa = PBXBuildFile; fileRef = A630D4CA296558F600FAA669 /* InitialViewController.swift */; };
		A630D4D1296558F600FAA669 /* MoodPaws.xcdatamodeld in Sources */ = {isa = PBXBuildFile; fileRef = A630D4CF296558F600FAA669 /* MoodPaws.xcdatamodeld */; };
		A630D4D3296558F700FAA669 /* Assets.xcassets in Resources */ = {isa = PBXBuildFile; fileRef = A630D4D2296558F700FAA669 /* Assets.xcassets */; };
		A630D4D6296558F700FAA669 /* LaunchScreen.storyboard in Resources */ = {isa = PBXBuildFile; fileRef = A630D4D4296558F700FAA669 /* LaunchScreen.storyboard */; };
		A630D4E0296563F400FAA669 /* AssemblyBuilder.swift in Sources */ = {isa = PBXBuildFile; fileRef = A630D4DF296563F400FAA669 /* AssemblyBuilder.swift */; };
		A630D4E32965649E00FAA669 /* InitialViewModel.swift in Sources */ = {isa = PBXBuildFile; fileRef = A630D4E22965649E00FAA669 /* InitialViewModel.swift */; };
		A630D4E52965656000FAA669 /* Router.swift in Sources */ = {isa = PBXBuildFile; fileRef = A630D4E42965656000FAA669 /* Router.swift */; };
		A630D4E72965666900FAA669 /* InitialModel.swift in Sources */ = {isa = PBXBuildFile; fileRef = A630D4E62965666900FAA669 /* InitialModel.swift */; };
		A630D6DA2965745700FAA669 /* Colors.swift in Sources */ = {isa = PBXBuildFile; fileRef = A630D6D92965745700FAA669 /* Colors.swift */; };
		A630D7D42965866800FAA669 /* Extensions.swift in Sources */ = {isa = PBXBuildFile; fileRef = A630D7D32965866800FAA669 /* Extensions.swift */; };
		A630D7D62965A4EE00FAA669 /* PetSelectorCollectionView.swift in Sources */ = {isa = PBXBuildFile; fileRef = A630D7D52965A4EE00FAA669 /* PetSelectorCollectionView.swift */; };
		A630D7D82965AAD100FAA669 /* PetSelectorCell.swift in Sources */ = {isa = PBXBuildFile; fileRef = A630D7D72965AAD100FAA669 /* PetSelectorCell.swift */; };
		A630D7DA2965C4E200FAA669 /* PetSelectorWithAnimatinView.swift in Sources */ = {isa = PBXBuildFile; fileRef = A630D7D92965C4E200FAA669 /* PetSelectorWithAnimatinView.swift */; };
/* End PBXBuildFile section */

/* Begin PBXFileReference section */
		A630D4C3296558F600FAA669 /* MoodPaws.app */ = {isa = PBXFileReference; explicitFileType = wrapper.application; includeInIndex = 0; path = MoodPaws.app; sourceTree = BUILT_PRODUCTS_DIR; };
		A630D4C6296558F600FAA669 /* AppDelegate.swift */ = {isa = PBXFileReference; lastKnownFileType = sourcecode.swift; path = AppDelegate.swift; sourceTree = "<group>"; };
		A630D4C8296558F600FAA669 /* SceneDelegate.swift */ = {isa = PBXFileReference; lastKnownFileType = sourcecode.swift; path = SceneDelegate.swift; sourceTree = "<group>"; };
		A630D4CA296558F600FAA669 /* InitialViewController.swift */ = {isa = PBXFileReference; lastKnownFileType = sourcecode.swift; path = InitialViewController.swift; sourceTree = "<group>"; };
		A630D4D0296558F600FAA669 /* MoodPaws.xcdatamodel */ = {isa = PBXFileReference; lastKnownFileType = wrapper.xcdatamodel; path = MoodPaws.xcdatamodel; sourceTree = "<group>"; };
		A630D4D2296558F700FAA669 /* Assets.xcassets */ = {isa = PBXFileReference; lastKnownFileType = folder.assetcatalog; path = Assets.xcassets; sourceTree = "<group>"; };
		A630D4D5296558F700FAA669 /* Base */ = {isa = PBXFileReference; lastKnownFileType = file.storyboard; name = Base; path = Base.lproj/LaunchScreen.storyboard; sourceTree = "<group>"; };
		A630D4D7296558F700FAA669 /* Info.plist */ = {isa = PBXFileReference; lastKnownFileType = text.plist.xml; path = Info.plist; sourceTree = "<group>"; };
		A630D4DF296563F400FAA669 /* AssemblyBuilder.swift */ = {isa = PBXFileReference; lastKnownFileType = sourcecode.swift; path = AssemblyBuilder.swift; sourceTree = "<group>"; };
		A630D4E22965649E00FAA669 /* InitialViewModel.swift */ = {isa = PBXFileReference; lastKnownFileType = sourcecode.swift; path = InitialViewModel.swift; sourceTree = "<group>"; };
		A630D4E42965656000FAA669 /* Router.swift */ = {isa = PBXFileReference; lastKnownFileType = sourcecode.swift; path = Router.swift; sourceTree = "<group>"; };
		A630D4E62965666900FAA669 /* InitialModel.swift */ = {isa = PBXFileReference; lastKnownFileType = sourcecode.swift; path = InitialModel.swift; sourceTree = "<group>"; };
		A630D6D92965745700FAA669 /* Colors.swift */ = {isa = PBXFileReference; lastKnownFileType = sourcecode.swift; path = Colors.swift; sourceTree = "<group>"; };
		A630D7D32965866800FAA669 /* Extensions.swift */ = {isa = PBXFileReference; lastKnownFileType = sourcecode.swift; path = Extensions.swift; sourceTree = "<group>"; };
		A630D7D52965A4EE00FAA669 /* PetSelectorCollectionView.swift */ = {isa = PBXFileReference; lastKnownFileType = sourcecode.swift; path = PetSelectorCollectionView.swift; sourceTree = "<group>"; };
		A630D7D72965AAD100FAA669 /* PetSelectorCell.swift */ = {isa = PBXFileReference; lastKnownFileType = sourcecode.swift; path = PetSelectorCell.swift; sourceTree = "<group>"; };
		A630D7D92965C4E200FAA669 /* PetSelectorWithAnimatinView.swift */ = {isa = PBXFileReference; lastKnownFileType = sourcecode.swift; path = PetSelectorWithAnimatinView.swift; sourceTree = "<group>"; };
/* End PBXFileReference section */

/* Begin PBXFrameworksBuildPhase section */
		A630D4C0296558F600FAA669 /* Frameworks */ = {
			isa = PBXFrameworksBuildPhase;
			buildActionMask = 2147483647;
			files = (
			);
			runOnlyForDeploymentPostprocessing = 0;
		};
/* End PBXFrameworksBuildPhase section */

/* Begin PBXGroup section */
		A630D4BA296558F600FAA669 = {
			isa = PBXGroup;
			children = (
				A630D4C5296558F600FAA669 /* MoodPaws */,
				A630D4C4296558F600FAA669 /* Products */,
			);
			sourceTree = "<group>";
		};
		A630D4C4296558F600FAA669 /* Products */ = {
			isa = PBXGroup;
			children = (
				A630D4C3296558F600FAA669 /* MoodPaws.app */,
			);
			name = Products;
			sourceTree = "<group>";
		};
		A630D4C5296558F600FAA669 /* MoodPaws */ = {
			isa = PBXGroup;
			children = (
				A630D6D8296573E300FAA669 /* Resoursers */,
				A630D4C6296558F600FAA669 /* AppDelegate.swift */,
				A630D4C8296558F600FAA669 /* SceneDelegate.swift */,
				A630D4E42965656000FAA669 /* Router.swift */,
				A630D4E12965648100FAA669 /* InitialModule */,
				A630D4D2296558F700FAA669 /* Assets.xcassets */,
				A630D4D4296558F700FAA669 /* LaunchScreen.storyboard */,
				A630D4D7296558F700FAA669 /* Info.plist */,
				A630D4CF296558F600FAA669 /* MoodPaws.xcdatamodeld */,
				A630D4DF296563F400FAA669 /* AssemblyBuilder.swift */,
			);
			path = MoodPaws;
			sourceTree = "<group>";
		};
		A630D4E12965648100FAA669 /* InitialModule */ = {
			isa = PBXGroup;
			children = (
				A630D4CA296558F600FAA669 /* InitialViewController.swift */,
				A630D4E22965649E00FAA669 /* InitialViewModel.swift */,
				A630D4E62965666900FAA669 /* InitialModel.swift */,
				A630D7D92965C4E200FAA669 /* PetSelectorWithAnimatinView.swift */,
				A630D7D52965A4EE00FAA669 /* PetSelectorCollectionView.swift */,
				A630D7D72965AAD100FAA669 /* PetSelectorCell.swift */,
			);
			path = InitialModule;
			sourceTree = "<group>";
		};
		A630D6D8296573E300FAA669 /* Resoursers */ = {
			isa = PBXGroup;
			children = (
				A630D6D92965745700FAA669 /* Colors.swift */,
				A630D7D32965866800FAA669 /* Extensions.swift */,
			);
			path = Resoursers;
			sourceTree = "<group>";
		};
/* End PBXGroup section */

/* Begin PBXNativeTarget section */
		A630D4C2296558F600FAA669 /* MoodPaws */ = {
			isa = PBXNativeTarget;
			buildConfigurationList = A630D4DA296558F700FAA669 /* Build configuration list for PBXNativeTarget "MoodPaws" */;
			buildPhases = (
				A630D4BF296558F600FAA669 /* Sources */,
				A630D4C0296558F600FAA669 /* Frameworks */,
				A630D4C1296558F600FAA669 /* Resources */,
			);
			buildRules = (
			);
			dependencies = (
			);
			name = MoodPaws;
			productName = MoodPaws;
			productReference = A630D4C3296558F600FAA669 /* MoodPaws.app */;
			productType = "com.apple.product-type.application";
		};
/* End PBXNativeTarget section */

/* Begin PBXProject section */
		A630D4BB296558F600FAA669 /* Project object */ = {
			isa = PBXProject;
			attributes = {
				BuildIndependentTargetsInParallel = 1;
				LastSwiftUpdateCheck = 1410;
				LastUpgradeCheck = 1410;
				TargetAttributes = {
					A630D4C2296558F600FAA669 = {
						CreatedOnToolsVersion = 14.1;
					};
				};
			};
			buildConfigurationList = A630D4BE296558F600FAA669 /* Build configuration list for PBXProject "MoodPaws" */;
			compatibilityVersion = "Xcode 14.0";
			developmentRegion = en;
			hasScannedForEncodings = 0;
			knownRegions = (
				en,
				Base,
			);
			mainGroup = A630D4BA296558F600FAA669;
			productRefGroup = A630D4C4296558F600FAA669 /* Products */;
			projectDirPath = "";
			projectRoot = "";
			targets = (
				A630D4C2296558F600FAA669 /* MoodPaws */,
			);
		};
/* End PBXProject section */

/* Begin PBXResourcesBuildPhase section */
		A630D4C1296558F600FAA669 /* Resources */ = {
			isa = PBXResourcesBuildPhase;
			buildActionMask = 2147483647;
			files = (
				A630D4D6296558F700FAA669 /* LaunchScreen.storyboard in Resources */,
				A630D4D3296558F700FAA669 /* Assets.xcassets in Resources */,
			);
			runOnlyForDeploymentPostprocessing = 0;
		};
/* End PBXResourcesBuildPhase section */

/* Begin PBXSourcesBuildPhase section */
		A630D4BF296558F600FAA669 /* Sources */ = {
			isa = PBXSourcesBuildPhase;
			buildActionMask = 2147483647;
			files = (
				A630D4E72965666900FAA669 /* InitialModel.swift in Sources */,
				A630D7D62965A4EE00FAA669 /* PetSelectorCollectionView.swift in Sources */,
				A630D7D82965AAD100FAA669 /* PetSelectorCell.swift in Sources */,
				A630D6DA2965745700FAA669 /* Colors.swift in Sources */,
				A630D4CB296558F600FAA669 /* InitialViewController.swift in Sources */,
				A630D4E0296563F400FAA669 /* AssemblyBuilder.swift in Sources */,
				A630D4C7296558F600FAA669 /* AppDelegate.swift in Sources */,
				A630D7D42965866800FAA669 /* Extensions.swift in Sources */,
				A630D4E52965656000FAA669 /* Router.swift in Sources */,
				A630D4C9296558F600FAA669 /* SceneDelegate.swift in Sources */,
				A630D7DA2965C4E200FAA669 /* PetSelectorWithAnimatinView.swift in Sources */,
				A630D4D1296558F600FAA669 /* MoodPaws.xcdatamodeld in Sources */,
				A630D4E32965649E00FAA669 /* InitialViewModel.swift in Sources */,
			);
			runOnlyForDeploymentPostprocessing = 0;
		};
/* End PBXSourcesBuildPhase section */

/* Begin PBXVariantGroup section */
		A630D4D4296558F700FAA669 /* LaunchScreen.storyboard */ = {
			isa = PBXVariantGroup;
			children = (
				A630D4D5296558F700FAA669 /* Base */,
			);
			name = LaunchScreen.storyboard;
			sourceTree = "<group>";
		};
/* End PBXVariantGroup section */

/* Begin XCBuildConfiguration section */
		A630D4D8296558F700FAA669 /* Debug */ = {
			isa = XCBuildConfiguration;
			buildSettings = {
				ALWAYS_SEARCH_USER_PATHS = NO;
				CLANG_ANALYZER_NONNULL = YES;
				CLANG_ANALYZER_NUMBER_OBJECT_CONVERSION = YES_AGGRESSIVE;
				CLANG_CXX_LANGUAGE_STANDARD = "gnu++20";
				CLANG_ENABLE_MODULES = YES;
				CLANG_ENABLE_OBJC_ARC = YES;
				CLANG_ENABLE_OBJC_WEAK = YES;
				CLANG_WARN_BLOCK_CAPTURE_AUTORELEASING = YES;
				CLANG_WARN_BOOL_CONVERSION = YES;
				CLANG_WARN_COMMA = YES;
				CLANG_WARN_CONSTANT_CONVERSION = YES;
				CLANG_WARN_DEPRECATED_OBJC_IMPLEMENTATIONS = YES;
				CLANG_WARN_DIRECT_OBJC_ISA_USAGE = YES_ERROR;
				CLANG_WARN_DOCUMENTATION_COMMENTS = YES;
				CLANG_WARN_EMPTY_BODY = YES;
				CLANG_WARN_ENUM_CONVERSION = YES;
				CLANG_WARN_INFINITE_RECURSION = YES;
				CLANG_WARN_INT_CONVERSION = YES;
				CLANG_WARN_NON_LITERAL_NULL_CONVERSION = YES;
				CLANG_WARN_OBJC_IMPLICIT_RETAIN_SELF = YES;
				CLANG_WARN_OBJC_LITERAL_CONVERSION = YES;
				CLANG_WARN_OBJC_ROOT_CLASS = YES_ERROR;
				CLANG_WARN_QUOTED_INCLUDE_IN_FRAMEWORK_HEADER = YES;
				CLANG_WARN_RANGE_LOOP_ANALYSIS = YES;
				CLANG_WARN_STRICT_PROTOTYPES = YES;
				CLANG_WARN_SUSPICIOUS_MOVE = YES;
				CLANG_WARN_UNGUARDED_AVAILABILITY = YES_AGGRESSIVE;
				CLANG_WARN_UNREACHABLE_CODE = YES;
				CLANG_WARN__DUPLICATE_METHOD_MATCH = YES;
				COPY_PHASE_STRIP = NO;
				DEBUG_INFORMATION_FORMAT = dwarf;
				ENABLE_STRICT_OBJC_MSGSEND = YES;
				ENABLE_TESTABILITY = YES;
				GCC_C_LANGUAGE_STANDARD = gnu11;
				GCC_DYNAMIC_NO_PIC = NO;
				GCC_NO_COMMON_BLOCKS = YES;
				GCC_OPTIMIZATION_LEVEL = 0;
				GCC_PREPROCESSOR_DEFINITIONS = (
					"DEBUG=1",
					"$(inherited)",
				);
				GCC_WARN_64_TO_32_BIT_CONVERSION = YES;
				GCC_WARN_ABOUT_RETURN_TYPE = YES_ERROR;
				GCC_WARN_UNDECLARED_SELECTOR = YES;
				GCC_WARN_UNINITIALIZED_AUTOS = YES_AGGRESSIVE;
				GCC_WARN_UNUSED_FUNCTION = YES;
				GCC_WARN_UNUSED_VARIABLE = YES;
				IPHONEOS_DEPLOYMENT_TARGET = 16.1;
				MTL_ENABLE_DEBUG_INFO = INCLUDE_SOURCE;
				MTL_FAST_MATH = YES;
				ONLY_ACTIVE_ARCH = YES;
				SDKROOT = iphoneos;
				SWIFT_ACTIVE_COMPILATION_CONDITIONS = DEBUG;
				SWIFT_OPTIMIZATION_LEVEL = "-Onone";
			};
			name = Debug;
		};
		A630D4D9296558F700FAA669 /* Release */ = {
			isa = XCBuildConfiguration;
			buildSettings = {
				ALWAYS_SEARCH_USER_PATHS = NO;
				CLANG_ANALYZER_NONNULL = YES;
				CLANG_ANALYZER_NUMBER_OBJECT_CONVERSION = YES_AGGRESSIVE;
				CLANG_CXX_LANGUAGE_STANDARD = "gnu++20";
				CLANG_ENABLE_MODULES = YES;
				CLANG_ENABLE_OBJC_ARC = YES;
				CLANG_ENABLE_OBJC_WEAK = YES;
				CLANG_WARN_BLOCK_CAPTURE_AUTORELEASING = YES;
				CLANG_WARN_BOOL_CONVERSION = YES;
				CLANG_WARN_COMMA = YES;
				CLANG_WARN_CONSTANT_CONVERSION = YES;
				CLANG_WARN_DEPRECATED_OBJC_IMPLEMENTATIONS = YES;
				CLANG_WARN_DIRECT_OBJC_ISA_USAGE = YES_ERROR;
				CLANG_WARN_DOCUMENTATION_COMMENTS = YES;
				CLANG_WARN_EMPTY_BODY = YES;
				CLANG_WARN_ENUM_CONVERSION = YES;
				CLANG_WARN_INFINITE_RECURSION = YES;
				CLANG_WARN_INT_CONVERSION = YES;
				CLANG_WARN_NON_LITERAL_NULL_CONVERSION = YES;
				CLANG_WARN_OBJC_IMPLICIT_RETAIN_SELF = YES;
				CLANG_WARN_OBJC_LITERAL_CONVERSION = YES;
				CLANG_WARN_OBJC_ROOT_CLASS = YES_ERROR;
				CLANG_WARN_QUOTED_INCLUDE_IN_FRAMEWORK_HEADER = YES;
				CLANG_WARN_RANGE_LOOP_ANALYSIS = YES;
				CLANG_WARN_STRICT_PROTOTYPES = YES;
				CLANG_WARN_SUSPICIOUS_MOVE = YES;
				CLANG_WARN_UNGUARDED_AVAILABILITY = YES_AGGRESSIVE;
				CLANG_WARN_UNREACHABLE_CODE = YES;
				CLANG_WARN__DUPLICATE_METHOD_MATCH = YES;
				COPY_PHASE_STRIP = NO;
				DEBUG_INFORMATION_FORMAT = "dwarf-with-dsym";
				ENABLE_NS_ASSERTIONS = NO;
				ENABLE_STRICT_OBJC_MSGSEND = YES;
				GCC_C_LANGUAGE_STANDARD = gnu11;
				GCC_NO_COMMON_BLOCKS = YES;
				GCC_WARN_64_TO_32_BIT_CONVERSION = YES;
				GCC_WARN_ABOUT_RETURN_TYPE = YES_ERROR;
				GCC_WARN_UNDECLARED_SELECTOR = YES;
				GCC_WARN_UNINITIALIZED_AUTOS = YES_AGGRESSIVE;
				GCC_WARN_UNUSED_FUNCTION = YES;
				GCC_WARN_UNUSED_VARIABLE = YES;
				IPHONEOS_DEPLOYMENT_TARGET = 16.1;
				MTL_ENABLE_DEBUG_INFO = NO;
				MTL_FAST_MATH = YES;
				SDKROOT = iphoneos;
				SWIFT_COMPILATION_MODE = wholemodule;
				SWIFT_OPTIMIZATION_LEVEL = "-O";
				VALIDATE_PRODUCT = YES;
			};
			name = Release;
		};
		A630D4DB296558F700FAA669 /* Debug */ = {
			isa = XCBuildConfiguration;
			buildSettings = {
				ASSETCATALOG_COMPILER_APPICON_NAME = AppIcon;
				ASSETCATALOG_COMPILER_GLOBAL_ACCENT_COLOR_NAME = AccentColor;
				CODE_SIGN_STYLE = Automatic;
				CURRENT_PROJECT_VERSION = 1;
				DEVELOPMENT_TEAM = RX93WCSR44;
				GENERATE_INFOPLIST_FILE = YES;
				INFOPLIST_FILE = MoodPaws/Info.plist;
				INFOPLIST_KEY_UIApplicationSupportsIndirectInputEvents = YES;
				INFOPLIST_KEY_UILaunchStoryboardName = LaunchScreen;
				INFOPLIST_KEY_UIMainStoryboardFile = "";
				INFOPLIST_KEY_UISupportedInterfaceOrientations = UIInterfaceOrientationPortrait;
				INFOPLIST_KEY_UISupportedInterfaceOrientations_iPad = "UIInterfaceOrientationLandscapeLeft UIInterfaceOrientationLandscapeRight UIInterfaceOrientationPortrait UIInterfaceOrientationPortraitUpsideDown";
				LD_RUNPATH_SEARCH_PATHS = (
					"$(inherited)",
					"@executable_path/Frameworks",
				);
				MARKETING_VERSION = 1.0;
				PRODUCT_BUNDLE_IDENTIFIER = v.MoodPaws;
				PRODUCT_NAME = "$(TARGET_NAME)";
				SUPPORTED_PLATFORMS = "iphoneos iphonesimulator";
				SUPPORTS_MACCATALYST = NO;
				SUPPORTS_MAC_DESIGNED_FOR_IPHONE_IPAD = NO;
				SWIFT_EMIT_LOC_STRINGS = YES;
				SWIFT_VERSION = 5.0;
				TARGETED_DEVICE_FAMILY = "1,2";
			};
			name = Debug;
		};
		A630D4DC296558F700FAA669 /* Release */ = {
			isa = XCBuildConfiguration;
			buildSettings = {
				ASSETCATALOG_COMPILER_APPICON_NAME = AppIcon;
				ASSETCATALOG_COMPILER_GLOBAL_ACCENT_COLOR_NAME = AccentColor;
				CODE_SIGN_STYLE = Automatic;
				CURRENT_PROJECT_VERSION = 1;
				DEVELOPMENT_TEAM = RX93WCSR44;
				GENERATE_INFOPLIST_FILE = YES;
				INFOPLIST_FILE = MoodPaws/Info.plist;
				INFOPLIST_KEY_UIApplicationSupportsIndirectInputEvents = YES;
				INFOPLIST_KEY_UILaunchStoryboardName = LaunchScreen;
				INFOPLIST_KEY_UIMainStoryboardFile = "";
				INFOPLIST_KEY_UISupportedInterfaceOrientations = UIInterfaceOrientationPortrait;
				INFOPLIST_KEY_UISupportedInterfaceOrientations_iPad = "UIInterfaceOrientationLandscapeLeft UIInterfaceOrientationLandscapeRight UIInterfaceOrientationPortrait UIInterfaceOrientationPortraitUpsideDown";
				LD_RUNPATH_SEARCH_PATHS = (
					"$(inherited)",
					"@executable_path/Frameworks",
				);
				MARKETING_VERSION = 1.0;
				PRODUCT_BUNDLE_IDENTIFIER = v.MoodPaws;
				PRODUCT_NAME = "$(TARGET_NAME)";
				SUPPORTED_PLATFORMS = "iphoneos iphonesimulator";
				SUPPORTS_MACCATALYST = NO;
				SUPPORTS_MAC_DESIGNED_FOR_IPHONE_IPAD = NO;
				SWIFT_EMIT_LOC_STRINGS = YES;
				SWIFT_VERSION = 5.0;
				TARGETED_DEVICE_FAMILY = "1,2";
			};
			name = Release;
		};
/* End XCBuildConfiguration section */

/* Begin XCConfigurationList section */
		A630D4BE296558F600FAA669 /* Build configuration list for PBXProject "MoodPaws" */ = {
			isa = XCConfigurationList;
			buildConfigurations = (
				A630D4D8296558F700FAA669 /* Debug */,
				A630D4D9296558F700FAA669 /* Release */,
			);
			defaultConfigurationIsVisible = 0;
			defaultConfigurationName = Release;
		};
		A630D4DA296558F700FAA669 /* Build configuration list for PBXNativeTarget "MoodPaws" */ = {
			isa = XCConfigurationList;
			buildConfigurations = (
				A630D4DB296558F700FAA669 /* Debug */,
				A630D4DC296558F700FAA669 /* Release */,
			);
			defaultConfigurationIsVisible = 0;
			defaultConfigurationName = Release;
		};
/* End XCConfigurationList section */

/* Begin XCVersionGroup section */
		A630D4CF296558F600FAA669 /* MoodPaws.xcdatamodeld */ = {
			isa = XCVersionGroup;
			children = (
				A630D4D0296558F600FAA669 /* MoodPaws.xcdatamodel */,
			);
			currentVersion = A630D4D0296558F600FAA669 /* MoodPaws.xcdatamodel */;
			path = MoodPaws.xcdatamodeld;
			sourceTree = "<group>";
			versionGroupType = wrapper.xcdatamodel;
		};
/* End XCVersionGroup section */
	};
	rootObject = A630D4BB296558F600FAA669 /* Project object */;
}
