// !$*UTF8*$!
{
	archiveVersion = 1;
	classes = {
	};
	objectVersion = 55;
	objects = {

/* Begin PBXBuildFile section */
		4BFD6606BCCFEFDD7277AF59 /* Pods_MoodPaws.framework in Frameworks */ = {isa = PBXBuildFile; fileRef = F717829FF3733FA4A583B965 /* Pods_MoodPaws.framework */; };
		A60C1F62299607780056AE94 /* NoteViewController.swift in Sources */ = {isa = PBXBuildFile; fileRef = A60C1F61299607780056AE94 /* NoteViewController.swift */; };
		A60C1F6429961B860056AE94 /* NoteModel.swift in Sources */ = {isa = PBXBuildFile; fileRef = A60C1F6329961B860056AE94 /* NoteModel.swift */; };
		A60C20EE299759A20056AE94 /* ComponentsFactory.swift in Sources */ = {isa = PBXBuildFile; fileRef = A60C20ED299759A20056AE94 /* ComponentsFactory.swift */; };
		A60C20F029975A000056AE94 /* TitleLabel.swift in Sources */ = {isa = PBXBuildFile; fileRef = A60C20EF29975A000056AE94 /* TitleLabel.swift */; };
		A60C21E7299762440056AE94 /* BasicCell.swift in Sources */ = {isa = PBXBuildFile; fileRef = A60C21E6299762440056AE94 /* BasicCell.swift */; };
		A630D4C7296558F600FAA669 /* AppDelegate.swift in Sources */ = {isa = PBXBuildFile; fileRef = A630D4C6296558F600FAA669 /* AppDelegate.swift */; };
		A630D4C9296558F600FAA669 /* SceneDelegate.swift in Sources */ = {isa = PBXBuildFile; fileRef = A630D4C8296558F600FAA669 /* SceneDelegate.swift */; };
		A630D4CB296558F600FAA669 /* InitialViewController.swift in Sources */ = {isa = PBXBuildFile; fileRef = A630D4CA296558F600FAA669 /* InitialViewController.swift */; };
		A630D4D1296558F600FAA669 /* MoodPaws.xcdatamodeld in Sources */ = {isa = PBXBuildFile; fileRef = A630D4CF296558F600FAA669 /* MoodPaws.xcdatamodeld */; };
		A630D4D3296558F700FAA669 /* Assets.xcassets in Resources */ = {isa = PBXBuildFile; fileRef = A630D4D2296558F700FAA669 /* Assets.xcassets */; };
		A630D4D6296558F700FAA669 /* LaunchScreen.storyboard in Resources */ = {isa = PBXBuildFile; fileRef = A630D4D4296558F700FAA669 /* LaunchScreen.storyboard */; };
		A630D4E0296563F400FAA669 /* AssemblyBuilder.swift in Sources */ = {isa = PBXBuildFile; fileRef = A630D4DF296563F400FAA669 /* AssemblyBuilder.swift */; };
		A630D4E32965649E00FAA669 /* InitialViewModel.swift in Sources */ = {isa = PBXBuildFile; fileRef = A630D4E22965649E00FAA669 /* InitialViewModel.swift */; };
		A630D4E52965656000FAA669 /* Router.swift in Sources */ = {isa = PBXBuildFile; fileRef = A630D4E42965656000FAA669 /* Router.swift */; };
		A630D4E72965666900FAA669 /* PetSupportModel.swift in Sources */ = {isa = PBXBuildFile; fileRef = A630D4E62965666900FAA669 /* PetSupportModel.swift */; };
		A630D6DA2965745700FAA669 /* Colors.swift in Sources */ = {isa = PBXBuildFile; fileRef = A630D6D92965745700FAA669 /* Colors.swift */; };
		A630D7D42965866800FAA669 /* Extensions.swift in Sources */ = {isa = PBXBuildFile; fileRef = A630D7D32965866800FAA669 /* Extensions.swift */; };
		A630D7E4296816E700FAA669 /* PetSelectorView.swift in Sources */ = {isa = PBXBuildFile; fileRef = A630D7E3296816E700FAA669 /* PetSelectorView.swift */; };
		A630D7F32968257600FAA669 /* hamster.json in Resources */ = {isa = PBXBuildFile; fileRef = A630D7EE2968257600FAA669 /* hamster.json */; };
		A630D7F52968257600FAA669 /* cat.json in Resources */ = {isa = PBXBuildFile; fileRef = A630D7F02968257600FAA669 /* cat.json */; };
		A630D7F92968290000FAA669 /* dog.json in Resources */ = {isa = PBXBuildFile; fileRef = A630D7F82968290000FAA669 /* dog.json */; };
		A630D7FC296830A300FAA669 /* MainPageViewController.swift in Sources */ = {isa = PBXBuildFile; fileRef = A630D7FB296830A300FAA669 /* MainPageViewController.swift */; };
		A6A73148297CE54600F31F30 /* PetSupport+CoreDataClass.swift in Sources */ = {isa = PBXBuildFile; fileRef = A6A73146297CE54600F31F30 /* PetSupport+CoreDataClass.swift */; };
		A6A7314B297D513D00F31F30 /* CoreDataManager.swift in Sources */ = {isa = PBXBuildFile; fileRef = A6A7314A297D513D00F31F30 /* CoreDataManager.swift */; };
		A6A7314D297D804A00F31F30 /* InitialModel.swift in Sources */ = {isa = PBXBuildFile; fileRef = A6A7314C297D804A00F31F30 /* InitialModel.swift */; };
		A6CB86D4298B7C41007451D7 /* BaseStackView.swift in Sources */ = {isa = PBXBuildFile; fileRef = A6CB86D3298B7C41007451D7 /* BaseStackView.swift */; };
		A6CBFABB29837A48007451D7 /* MainPageViewModel.swift in Sources */ = {isa = PBXBuildFile; fileRef = A6CBFABA29837A48007451D7 /* MainPageViewModel.swift */; };
		A6CBFABD29837A5A007451D7 /* MainPageModel.swift in Sources */ = {isa = PBXBuildFile; fileRef = A6CBFABC29837A5A007451D7 /* MainPageModel.swift */; };
		A6CBFAC0298386C1007451D7 /* MoodCalendarView.swift in Sources */ = {isa = PBXBuildFile; fileRef = A6CBFABF298386C1007451D7 /* MoodCalendarView.swift */; };
		A6CBFAC2298386D6007451D7 /* CalendarStateModel.swift in Sources */ = {isa = PBXBuildFile; fileRef = A6CBFAC1298386D6007451D7 /* CalendarStateModel.swift */; };
		A6CBFAC629839F9C007451D7 /* DayView.swift in Sources */ = {isa = PBXBuildFile; fileRef = A6CBFAC529839F9C007451D7 /* DayView.swift */; };
/* End PBXBuildFile section */

/* Begin PBXFileReference section */
		08B5C4AD7DE834D095FDDEE3 /* Pods-MoodPaws.release.xcconfig */ = {isa = PBXFileReference; includeInIndex = 1; lastKnownFileType = text.xcconfig; name = "Pods-MoodPaws.release.xcconfig"; path = "Target Support Files/Pods-MoodPaws/Pods-MoodPaws.release.xcconfig"; sourceTree = "<group>"; };
		A60C1F61299607780056AE94 /* NoteViewController.swift */ = {isa = PBXFileReference; lastKnownFileType = sourcecode.swift; path = NoteViewController.swift; sourceTree = "<group>"; };
		A60C1F6329961B860056AE94 /* NoteModel.swift */ = {isa = PBXFileReference; lastKnownFileType = sourcecode.swift; path = NoteModel.swift; sourceTree = "<group>"; };
		A60C20ED299759A20056AE94 /* ComponentsFactory.swift */ = {isa = PBXFileReference; lastKnownFileType = sourcecode.swift; path = ComponentsFactory.swift; sourceTree = "<group>"; };
		A60C20EF29975A000056AE94 /* TitleLabel.swift */ = {isa = PBXFileReference; lastKnownFileType = sourcecode.swift; path = TitleLabel.swift; sourceTree = "<group>"; };
		A60C21E6299762440056AE94 /* BasicCell.swift */ = {isa = PBXFileReference; lastKnownFileType = sourcecode.swift; path = BasicCell.swift; sourceTree = "<group>"; };
		A630D4C3296558F600FAA669 /* MoodPaws.app */ = {isa = PBXFileReference; explicitFileType = wrapper.application; includeInIndex = 0; path = MoodPaws.app; sourceTree = BUILT_PRODUCTS_DIR; };
		A630D4C6296558F600FAA669 /* AppDelegate.swift */ = {isa = PBXFileReference; lastKnownFileType = sourcecode.swift; path = AppDelegate.swift; sourceTree = "<group>"; };
		A630D4C8296558F600FAA669 /* SceneDelegate.swift */ = {isa = PBXFileReference; lastKnownFileType = sourcecode.swift; path = SceneDelegate.swift; sourceTree = "<group>"; };
		A630D4CA296558F600FAA669 /* InitialViewController.swift */ = {isa = PBXFileReference; lastKnownFileType = sourcecode.swift; path = InitialViewController.swift; sourceTree = "<group>"; };
		A630D4D0296558F600FAA669 /* MoodPaws.xcdatamodel */ = {isa = PBXFileReference; lastKnownFileType = wrapper.xcdatamodel; path = MoodPaws.xcdatamodel; sourceTree = "<group>"; };
		A630D4D2296558F700FAA669 /* Assets.xcassets */ = {isa = PBXFileReference; lastKnownFileType = folder.assetcatalog; path = Assets.xcassets; sourceTree = "<group>"; };
		A630D4D5296558F700FAA669 /* Base */ = {isa = PBXFileReference; lastKnownFileType = file.storyboard; name = Base; path = Base.lproj/LaunchScreen.storyboard; sourceTree = "<group>"; };
		A630D4D7296558F700FAA669 /* Info.plist */ = {isa = PBXFileReference; lastKnownFileType = text.plist.xml; path = Info.plist; sourceTree = "<group>"; };
		A630D4DF296563F400FAA669 /* AssemblyBuilder.swift */ = {isa = PBXFileReference; lastKnownFileType = sourcecode.swift; path = AssemblyBuilder.swift; sourceTree = "<group>"; };
		A630D4E22965649E00FAA669 /* InitialViewModel.swift */ = {isa = PBXFileReference; lastKnownFileType = sourcecode.swift; path = InitialViewModel.swift; sourceTree = "<group>"; };
		A630D4E42965656000FAA669 /* Router.swift */ = {isa = PBXFileReference; lastKnownFileType = sourcecode.swift; path = Router.swift; sourceTree = "<group>"; };
		A630D4E62965666900FAA669 /* PetSupportModel.swift */ = {isa = PBXFileReference; lastKnownFileType = sourcecode.swift; path = PetSupportModel.swift; sourceTree = "<group>"; };
		A630D6D92965745700FAA669 /* Colors.swift */ = {isa = PBXFileReference; lastKnownFileType = sourcecode.swift; path = Colors.swift; sourceTree = "<group>"; };
		A630D7D32965866800FAA669 /* Extensions.swift */ = {isa = PBXFileReference; lastKnownFileType = sourcecode.swift; path = Extensions.swift; sourceTree = "<group>"; };
		A630D7E3296816E700FAA669 /* PetSelectorView.swift */ = {isa = PBXFileReference; lastKnownFileType = sourcecode.swift; path = PetSelectorView.swift; sourceTree = "<group>"; };
		A630D7EE2968257600FAA669 /* hamster.json */ = {isa = PBXFileReference; fileEncoding = 4; lastKnownFileType = text.json; path = hamster.json; sourceTree = "<group>"; };
		A630D7F02968257600FAA669 /* cat.json */ = {isa = PBXFileReference; fileEncoding = 4; lastKnownFileType = text.json; path = cat.json; sourceTree = "<group>"; };
		A630D7F82968290000FAA669 /* dog.json */ = {isa = PBXFileReference; fileEncoding = 4; lastKnownFileType = text.json; path = dog.json; sourceTree = "<group>"; };
		A630D7FB296830A300FAA669 /* MainPageViewController.swift */ = {isa = PBXFileReference; lastKnownFileType = sourcecode.swift; path = MainPageViewController.swift; sourceTree = "<group>"; };
		A6A73146297CE54600F31F30 /* PetSupport+CoreDataClass.swift */ = {isa = PBXFileReference; fileEncoding = 4; lastKnownFileType = sourcecode.swift; path = "PetSupport+CoreDataClass.swift"; sourceTree = "<group>"; };
		A6A7314A297D513D00F31F30 /* CoreDataManager.swift */ = {isa = PBXFileReference; lastKnownFileType = sourcecode.swift; path = CoreDataManager.swift; sourceTree = "<group>"; };
		A6A7314C297D804A00F31F30 /* InitialModel.swift */ = {isa = PBXFileReference; lastKnownFileType = sourcecode.swift; path = InitialModel.swift; sourceTree = "<group>"; };
		A6CB86D3298B7C41007451D7 /* BaseStackView.swift */ = {isa = PBXFileReference; lastKnownFileType = sourcecode.swift; path = BaseStackView.swift; sourceTree = "<group>"; };
		A6CBFABA29837A48007451D7 /* MainPageViewModel.swift */ = {isa = PBXFileReference; lastKnownFileType = sourcecode.swift; path = MainPageViewModel.swift; sourceTree = "<group>"; };
		A6CBFABC29837A5A007451D7 /* MainPageModel.swift */ = {isa = PBXFileReference; lastKnownFileType = sourcecode.swift; path = MainPageModel.swift; sourceTree = "<group>"; };
		A6CBFABF298386C1007451D7 /* MoodCalendarView.swift */ = {isa = PBXFileReference; lastKnownFileType = sourcecode.swift; path = MoodCalendarView.swift; sourceTree = "<group>"; };
		A6CBFAC1298386D6007451D7 /* CalendarStateModel.swift */ = {isa = PBXFileReference; lastKnownFileType = sourcecode.swift; path = CalendarStateModel.swift; sourceTree = "<group>"; };
		A6CBFAC529839F9C007451D7 /* DayView.swift */ = {isa = PBXFileReference; lastKnownFileType = sourcecode.swift; path = DayView.swift; sourceTree = "<group>"; };
		CCAA4ABA442B64643C7432E7 /* Pods-MoodPaws.debug.xcconfig */ = {isa = PBXFileReference; includeInIndex = 1; lastKnownFileType = text.xcconfig; name = "Pods-MoodPaws.debug.xcconfig"; path = "Target Support Files/Pods-MoodPaws/Pods-MoodPaws.debug.xcconfig"; sourceTree = "<group>"; };
		F717829FF3733FA4A583B965 /* Pods_MoodPaws.framework */ = {isa = PBXFileReference; explicitFileType = wrapper.framework; includeInIndex = 0; path = Pods_MoodPaws.framework; sourceTree = BUILT_PRODUCTS_DIR; };
/* End PBXFileReference section */

/* Begin PBXFrameworksBuildPhase section */
		A630D4C0296558F600FAA669 /* Frameworks */ = {
			isa = PBXFrameworksBuildPhase;
			buildActionMask = 2147483647;
			files = (
				4BFD6606BCCFEFDD7277AF59 /* Pods_MoodPaws.framework in Frameworks */,
			);
			runOnlyForDeploymentPostprocessing = 0;
		};
/* End PBXFrameworksBuildPhase section */

/* Begin PBXGroup section */
		5ACEBEEEF867AAC8FC2EF1C4 /* Pods */ = {
			isa = PBXGroup;
			children = (
				CCAA4ABA442B64643C7432E7 /* Pods-MoodPaws.debug.xcconfig */,
				08B5C4AD7DE834D095FDDEE3 /* Pods-MoodPaws.release.xcconfig */,
			);
			path = Pods;
			sourceTree = "<group>";
		};
		A60C1F60299607400056AE94 /* Note */ = {
			isa = PBXGroup;
			children = (
				A60C1F61299607780056AE94 /* NoteViewController.swift */,
				A60C1F6329961B860056AE94 /* NoteModel.swift */,
			);
			path = Note;
			sourceTree = "<group>";
		};
		A60C21E529975FA70056AE94 /* Components */ = {
			isa = PBXGroup;
			children = (
				A60C20ED299759A20056AE94 /* ComponentsFactory.swift */,
				A60C21E6299762440056AE94 /* BasicCell.swift */,
				A6CB86D3298B7C41007451D7 /* BaseStackView.swift */,
				A60C20EF29975A000056AE94 /* TitleLabel.swift */,
			);
			path = Components;
			sourceTree = "<group>";
		};
		A630D4BA296558F600FAA669 = {
			isa = PBXGroup;
			children = (
				A630D4C5296558F600FAA669 /* MoodPaws */,
				A630D4C4296558F600FAA669 /* Products */,
				5ACEBEEEF867AAC8FC2EF1C4 /* Pods */,
				AF1B0CAE6BE40F7A5282404C /* Frameworks */,
			);
			sourceTree = "<group>";
		};
		A630D4C4296558F600FAA669 /* Products */ = {
			isa = PBXGroup;
			children = (
				A630D4C3296558F600FAA669 /* MoodPaws.app */,
			);
			name = Products;
			sourceTree = "<group>";
		};
		A630D4C5296558F600FAA669 /* MoodPaws */ = {
			isa = PBXGroup;
			children = (
				A630D4C6296558F600FAA669 /* AppDelegate.swift */,
				A630D4C8296558F600FAA669 /* SceneDelegate.swift */,
				A630D4E42965656000FAA669 /* Router.swift */,
				A630D4DF296563F400FAA669 /* AssemblyBuilder.swift */,
				A630D6D8296573E300FAA669 /* Resoursers */,
				A630D7FA2968308800FAA669 /* MainPageModule */,
				A630D4E12965648100FAA669 /* InitialModule */,
				A630D4D2296558F700FAA669 /* Assets.xcassets */,
				A630D4D4296558F700FAA669 /* LaunchScreen.storyboard */,
				A630D4D7296558F700FAA669 /* Info.plist */,
				A630D4CF296558F600FAA669 /* MoodPaws.xcdatamodeld */,
			);
			path = MoodPaws;
			sourceTree = "<group>";
		};
		A630D4E12965648100FAA669 /* InitialModule */ = {
			isa = PBXGroup;
			children = (
				A630D4CA296558F600FAA669 /* InitialViewController.swift */,
				A630D4E22965649E00FAA669 /* InitialViewModel.swift */,
				A630D7E3296816E700FAA669 /* PetSelectorView.swift */,
				A6A7314C297D804A00F31F30 /* InitialModel.swift */,
			);
			path = InitialModule;
			sourceTree = "<group>";
		};
		A630D6D8296573E300FAA669 /* Resoursers */ = {
			isa = PBXGroup;
			children = (
				A60C21E529975FA70056AE94 /* Components */,
				A6CBFAC72983A066007451D7 /* Extensions */,
				A6A73145297CE53000F31F30 /* PetSupportModel */,
				A630D7ED2968256200FAA669 /* LottieAnimations */,
				A630D6D92965745700FAA669 /* Colors.swift */,
				A6A7314A297D513D00F31F30 /* CoreDataManager.swift */,
			);
			path = Resoursers;
			sourceTree = "<group>";
		};
		A630D7ED2968256200FAA669 /* LottieAnimations */ = {
			isa = PBXGroup;
			children = (
				A630D7F02968257600FAA669 /* cat.json */,
				A630D7F82968290000FAA669 /* dog.json */,
				A630D7EE2968257600FAA669 /* hamster.json */,
			);
			path = LottieAnimations;
			sourceTree = "<group>";
		};
		A630D7FA2968308800FAA669 /* MainPageModule */ = {
			isa = PBXGroup;
			children = (
				A6CBFABE298386AC007451D7 /* Calendar */,
				A60C1F60299607400056AE94 /* Note */,
				A630D7FB296830A300FAA669 /* MainPageViewController.swift */,
				A6CBFABA29837A48007451D7 /* MainPageViewModel.swift */,
				A6CBFABC29837A5A007451D7 /* MainPageModel.swift */,
			);
			path = MainPageModule;
			sourceTree = "<group>";
		};
		A6A73145297CE53000F31F30 /* PetSupportModel */ = {
			isa = PBXGroup;
			children = (
				A630D4E62965666900FAA669 /* PetSupportModel.swift */,
				A6A73146297CE54600F31F30 /* PetSupport+CoreDataClass.swift */,
			);
			path = PetSupportModel;
			sourceTree = "<group>";
		};
		A6CBFABE298386AC007451D7 /* Calendar */ = {
			isa = PBXGroup;
			children = (
				A6CBFABF298386C1007451D7 /* MoodCalendarView.swift */,
				A6CBFAC1298386D6007451D7 /* CalendarStateModel.swift */,
				A6CBFAC529839F9C007451D7 /* DayView.swift */,
			);
			path = Calendar;
			sourceTree = "<group>";
		};
		A6CBFAC72983A066007451D7 /* Extensions */ = {
			isa = PBXGroup;
			children = (
				A630D7D32965866800FAA669 /* Extensions.swift */,
			);
			path = Extensions;
			sourceTree = "<group>";
		};
		AF1B0CAE6BE40F7A5282404C /* Frameworks */ = {
			isa = PBXGroup;
			children = (
				F717829FF3733FA4A583B965 /* Pods_MoodPaws.framework */,
			);
			name = Frameworks;
			sourceTree = "<group>";
		};
/* End PBXGroup section */

/* Begin PBXNativeTarget section */
		A630D4C2296558F600FAA669 /* MoodPaws */ = {
			isa = PBXNativeTarget;
			buildConfigurationList = A630D4DA296558F700FAA669 /* Build configuration list for PBXNativeTarget "MoodPaws" */;
			buildPhases = (
				E7E1633375731D41D480BA80 /* [CP] Check Pods Manifest.lock */,
				A630D4BF296558F600FAA669 /* Sources */,
				A630D4C0296558F600FAA669 /* Frameworks */,
				A630D4C1296558F600FAA669 /* Resources */,
				407C0C135B5F9A8C64FBC969 /* [CP] Embed Pods Frameworks */,
			);
			buildRules = (
			);
			dependencies = (
			);
			name = MoodPaws;
			productName = MoodPaws;
			productReference = A630D4C3296558F600FAA669 /* MoodPaws.app */;
			productType = "com.apple.product-type.application";
		};
/* End PBXNativeTarget section */

/* Begin PBXProject section */
		A630D4BB296558F600FAA669 /* Project object */ = {
			isa = PBXProject;
			attributes = {
				BuildIndependentTargetsInParallel = 1;
				LastSwiftUpdateCheck = 1410;
				LastUpgradeCheck = 1410;
				TargetAttributes = {
					A630D4C2296558F600FAA669 = {
						CreatedOnToolsVersion = 14.1;
					};
				};
			};
			buildConfigurationList = A630D4BE296558F600FAA669 /* Build configuration list for PBXProject "MoodPaws" */;
			compatibilityVersion = "Xcode 13.0";
			developmentRegion = en;
			hasScannedForEncodings = 0;
			knownRegions = (
				en,
				Base,
			);
			mainGroup = A630D4BA296558F600FAA669;
			productRefGroup = A630D4C4296558F600FAA669 /* Products */;
			projectDirPath = "";
			projectRoot = "";
			targets = (
				A630D4C2296558F600FAA669 /* MoodPaws */,
			);
		};
/* End PBXProject section */

/* Begin PBXResourcesBuildPhase section */
		A630D4C1296558F600FAA669 /* Resources */ = {
			isa = PBXResourcesBuildPhase;
			buildActionMask = 2147483647;
			files = (
				A630D4D6296558F700FAA669 /* LaunchScreen.storyboard in Resources */,
				A630D7F32968257600FAA669 /* hamster.json in Resources */,
				A630D4D3296558F700FAA669 /* Assets.xcassets in Resources */,
				A630D7F92968290000FAA669 /* dog.json in Resources */,
				A630D7F52968257600FAA669 /* cat.json in Resources */,
			);
			runOnlyForDeploymentPostprocessing = 0;
		};
/* End PBXResourcesBuildPhase section */

/* Begin PBXShellScriptBuildPhase section */
		407C0C135B5F9A8C64FBC969 /* [CP] Embed Pods Frameworks */ = {
			isa = PBXShellScriptBuildPhase;
			buildActionMask = 2147483647;
			files = (
			);
			inputFileListPaths = (
				"${PODS_ROOT}/Target Support Files/Pods-MoodPaws/Pods-MoodPaws-frameworks-${CONFIGURATION}-input-files.xcfilelist",
			);
			name = "[CP] Embed Pods Frameworks";
			outputFileListPaths = (
				"${PODS_ROOT}/Target Support Files/Pods-MoodPaws/Pods-MoodPaws-frameworks-${CONFIGURATION}-output-files.xcfilelist",
			);
			runOnlyForDeploymentPostprocessing = 0;
			shellPath = /bin/sh;
			shellScript = "\"${PODS_ROOT}/Target Support Files/Pods-MoodPaws/Pods-MoodPaws-frameworks.sh\"\n";
			showEnvVarsInLog = 0;
		};
		E7E1633375731D41D480BA80 /* [CP] Check Pods Manifest.lock */ = {
			isa = PBXShellScriptBuildPhase;
			buildActionMask = 2147483647;
			files = (
			);
			inputFileListPaths = (
			);
			inputPaths = (
				"${PODS_PODFILE_DIR_PATH}/Podfile.lock",
				"${PODS_ROOT}/Manifest.lock",
			);
			name = "[CP] Check Pods Manifest.lock";
			outputFileListPaths = (
			);
			outputPaths = (
				"$(DERIVED_FILE_DIR)/Pods-MoodPaws-checkManifestLockResult.txt",
			);
			runOnlyForDeploymentPostprocessing = 0;
			shellPath = /bin/sh;
			shellScript = "diff \"${PODS_PODFILE_DIR_PATH}/Podfile.lock\" \"${PODS_ROOT}/Manifest.lock\" > /dev/null\nif [ $? != 0 ] ; then\n    # print error to STDERR\n    echo \"error: The sandbox is not in sync with the Podfile.lock. Run 'pod install' or update your CocoaPods installation.\" >&2\n    exit 1\nfi\n# This output is used by Xcode 'outputs' to avoid re-running this script phase.\necho \"SUCCESS\" > \"${SCRIPT_OUTPUT_FILE_0}\"\n";
			showEnvVarsInLog = 0;
		};
/* End PBXShellScriptBuildPhase section */

/* Begin PBXSourcesBuildPhase section */
		A630D4BF296558F600FAA669 /* Sources */ = {
			isa = PBXSourcesBuildPhase;
			buildActionMask = 2147483647;
			files = (
				A60C20EE299759A20056AE94 /* ComponentsFactory.swift in Sources */,
				A6CBFABB29837A48007451D7 /* MainPageViewModel.swift in Sources */,
				A630D4E72965666900FAA669 /* PetSupportModel.swift in Sources */,
				A630D6DA2965745700FAA669 /* Colors.swift in Sources */,
				A630D4CB296558F600FAA669 /* InitialViewController.swift in Sources */,
				A6A73148297CE54600F31F30 /* PetSupport+CoreDataClass.swift in Sources */,
				A60C1F6429961B860056AE94 /* NoteModel.swift in Sources */,
				A630D4E0296563F400FAA669 /* AssemblyBuilder.swift in Sources */,
				A630D4C7296558F600FAA669 /* AppDelegate.swift in Sources */,
				A6CBFAC629839F9C007451D7 /* DayView.swift in Sources */,
				A6A7314D297D804A00F31F30 /* InitialModel.swift in Sources */,
				A630D7D42965866800FAA669 /* Extensions.swift in Sources */,
				A630D7FC296830A300FAA669 /* MainPageViewController.swift in Sources */,
				A630D7E4296816E700FAA669 /* PetSelectorView.swift in Sources */,
				A6CB86D4298B7C41007451D7 /* BaseStackView.swift in Sources */,
				A630D4E52965656000FAA669 /* Router.swift in Sources */,
				A60C1F62299607780056AE94 /* NoteViewController.swift in Sources */,
				A6CBFABD29837A5A007451D7 /* MainPageModel.swift in Sources */,
				A60C21E7299762440056AE94 /* BasicCell.swift in Sources */,
				A60C20F029975A000056AE94 /* TitleLabel.swift in Sources */,
				A630D4C9296558F600FAA669 /* SceneDelegate.swift in Sources */,
				A6CBFAC2298386D6007451D7 /* CalendarStateModel.swift in Sources */,
				A6CBFAC0298386C1007451D7 /* MoodCalendarView.swift in Sources */,
				A630D4D1296558F600FAA669 /* MoodPaws.xcdatamodeld in Sources */,
				A6A7314B297D513D00F31F30 /* CoreDataManager.swift in Sources */,
				A630D4E32965649E00FAA669 /* InitialViewModel.swift in Sources */,
			);
			runOnlyForDeploymentPostprocessing = 0;
		};
/* End PBXSourcesBuildPhase section */

/* Begin PBXVariantGroup section */
		A630D4D4296558F700FAA669 /* LaunchScreen.storyboard */ = {
			isa = PBXVariantGroup;
			children = (
				A630D4D5296558F700FAA669 /* Base */,
			);
			name = LaunchScreen.storyboard;
			sourceTree = "<group>";
		};
/* End PBXVariantGroup section */

/* Begin XCBuildConfiguration section */
		A630D4D8296558F700FAA669 /* Debug */ = {
			isa = XCBuildConfiguration;
			buildSettings = {
				ALWAYS_SEARCH_USER_PATHS = NO;
				CLANG_ANALYZER_NONNULL = YES;
				CLANG_ANALYZER_NUMBER_OBJECT_CONVERSION = YES_AGGRESSIVE;
				CLANG_CXX_LANGUAGE_STANDARD = "gnu++20";
				CLANG_ENABLE_MODULES = YES;
				CLANG_ENABLE_OBJC_ARC = YES;
				CLANG_ENABLE_OBJC_WEAK = YES;
				CLANG_WARN_BLOCK_CAPTURE_AUTORELEASING = YES;
				CLANG_WARN_BOOL_CONVERSION = YES;
				CLANG_WARN_COMMA = YES;
				CLANG_WARN_CONSTANT_CONVERSION = YES;
				CLANG_WARN_DEPRECATED_OBJC_IMPLEMENTATIONS = YES;
				CLANG_WARN_DIRECT_OBJC_ISA_USAGE = YES_ERROR;
				CLANG_WARN_DOCUMENTATION_COMMENTS = YES;
				CLANG_WARN_EMPTY_BODY = YES;
				CLANG_WARN_ENUM_CONVERSION = YES;
				CLANG_WARN_INFINITE_RECURSION = YES;
				CLANG_WARN_INT_CONVERSION = YES;
				CLANG_WARN_NON_LITERAL_NULL_CONVERSION = YES;
				CLANG_WARN_OBJC_IMPLICIT_RETAIN_SELF = YES;
				CLANG_WARN_OBJC_LITERAL_CONVERSION = YES;
				CLANG_WARN_OBJC_ROOT_CLASS = YES_ERROR;
				CLANG_WARN_QUOTED_INCLUDE_IN_FRAMEWORK_HEADER = YES;
				CLANG_WARN_RANGE_LOOP_ANALYSIS = YES;
				CLANG_WARN_STRICT_PROTOTYPES = YES;
				CLANG_WARN_SUSPICIOUS_MOVE = YES;
				CLANG_WARN_UNGUARDED_AVAILABILITY = YES_AGGRESSIVE;
				CLANG_WARN_UNREACHABLE_CODE = YES;
				CLANG_WARN__DUPLICATE_METHOD_MATCH = YES;
				COPY_PHASE_STRIP = NO;
				DEBUG_INFORMATION_FORMAT = dwarf;
				ENABLE_STRICT_OBJC_MSGSEND = YES;
				ENABLE_TESTABILITY = YES;
				GCC_C_LANGUAGE_STANDARD = gnu11;
				GCC_DYNAMIC_NO_PIC = NO;
				GCC_NO_COMMON_BLOCKS = YES;
				GCC_OPTIMIZATION_LEVEL = 0;
				GCC_PREPROCESSOR_DEFINITIONS = (
					"DEBUG=1",
					"$(inherited)",
				);
				GCC_WARN_64_TO_32_BIT_CONVERSION = YES;
				GCC_WARN_ABOUT_RETURN_TYPE = YES_ERROR;
				GCC_WARN_UNDECLARED_SELECTOR = YES;
				GCC_WARN_UNINITIALIZED_AUTOS = YES_AGGRESSIVE;
				GCC_WARN_UNUSED_FUNCTION = YES;
				GCC_WARN_UNUSED_VARIABLE = YES;
				IPHONEOS_DEPLOYMENT_TARGET = 16.1;
				MTL_ENABLE_DEBUG_INFO = INCLUDE_SOURCE;
				MTL_FAST_MATH = YES;
				ONLY_ACTIVE_ARCH = YES;
				SDKROOT = iphoneos;
				SWIFT_ACTIVE_COMPILATION_CONDITIONS = DEBUG;
				SWIFT_OPTIMIZATION_LEVEL = "-Onone";
			};
			name = Debug;
		};
		A630D4D9296558F700FAA669 /* Release */ = {
			isa = XCBuildConfiguration;
			buildSettings = {
				ALWAYS_SEARCH_USER_PATHS = NO;
				CLANG_ANALYZER_NONNULL = YES;
				CLANG_ANALYZER_NUMBER_OBJECT_CONVERSION = YES_AGGRESSIVE;
				CLANG_CXX_LANGUAGE_STANDARD = "gnu++20";
				CLANG_ENABLE_MODULES = YES;
				CLANG_ENABLE_OBJC_ARC = YES;
				CLANG_ENABLE_OBJC_WEAK = YES;
				CLANG_WARN_BLOCK_CAPTURE_AUTORELEASING = YES;
				CLANG_WARN_BOOL_CONVERSION = YES;
				CLANG_WARN_COMMA = YES;
				CLANG_WARN_CONSTANT_CONVERSION = YES;
				CLANG_WARN_DEPRECATED_OBJC_IMPLEMENTATIONS = YES;
				CLANG_WARN_DIRECT_OBJC_ISA_USAGE = YES_ERROR;
				CLANG_WARN_DOCUMENTATION_COMMENTS = YES;
				CLANG_WARN_EMPTY_BODY = YES;
				CLANG_WARN_ENUM_CONVERSION = YES;
				CLANG_WARN_INFINITE_RECURSION = YES;
				CLANG_WARN_INT_CONVERSION = YES;
				CLANG_WARN_NON_LITERAL_NULL_CONVERSION = YES;
				CLANG_WARN_OBJC_IMPLICIT_RETAIN_SELF = YES;
				CLANG_WARN_OBJC_LITERAL_CONVERSION = YES;
				CLANG_WARN_OBJC_ROOT_CLASS = YES_ERROR;
				CLANG_WARN_QUOTED_INCLUDE_IN_FRAMEWORK_HEADER = YES;
				CLANG_WARN_RANGE_LOOP_ANALYSIS = YES;
				CLANG_WARN_STRICT_PROTOTYPES = YES;
				CLANG_WARN_SUSPICIOUS_MOVE = YES;
				CLANG_WARN_UNGUARDED_AVAILABILITY = YES_AGGRESSIVE;
				CLANG_WARN_UNREACHABLE_CODE = YES;
				CLANG_WARN__DUPLICATE_METHOD_MATCH = YES;
				COPY_PHASE_STRIP = NO;
				DEBUG_INFORMATION_FORMAT = "dwarf-with-dsym";
				ENABLE_NS_ASSERTIONS = NO;
				ENABLE_STRICT_OBJC_MSGSEND = YES;
				GCC_C_LANGUAGE_STANDARD = gnu11;
				GCC_NO_COMMON_BLOCKS = YES;
				GCC_WARN_64_TO_32_BIT_CONVERSION = YES;
				GCC_WARN_ABOUT_RETURN_TYPE = YES_ERROR;
				GCC_WARN_UNDECLARED_SELECTOR = YES;
				GCC_WARN_UNINITIALIZED_AUTOS = YES_AGGRESSIVE;
				GCC_WARN_UNUSED_FUNCTION = YES;
				GCC_WARN_UNUSED_VARIABLE = YES;
				IPHONEOS_DEPLOYMENT_TARGET = 16.1;
				MTL_ENABLE_DEBUG_INFO = NO;
				MTL_FAST_MATH = YES;
				SDKROOT = iphoneos;
				SWIFT_COMPILATION_MODE = wholemodule;
				SWIFT_OPTIMIZATION_LEVEL = "-O";
				VALIDATE_PRODUCT = YES;
			};
			name = Release;
		};
		A630D4DB296558F700FAA669 /* Debug */ = {
			isa = XCBuildConfiguration;
			baseConfigurationReference = CCAA4ABA442B64643C7432E7 /* Pods-MoodPaws.debug.xcconfig */;
			buildSettings = {
				ASSETCATALOG_COMPILER_APPICON_NAME = AppIcon;
				ASSETCATALOG_COMPILER_GLOBAL_ACCENT_COLOR_NAME = AccentColor;
				CODE_SIGN_STYLE = Automatic;
				CURRENT_PROJECT_VERSION = 1;
				DEVELOPMENT_TEAM = RX93WCSR44;
				GENERATE_INFOPLIST_FILE = YES;
				INFOPLIST_FILE = MoodPaws/Info.plist;
				INFOPLIST_KEY_UIApplicationSupportsIndirectInputEvents = YES;
				INFOPLIST_KEY_UILaunchStoryboardName = LaunchScreen;
				INFOPLIST_KEY_UIMainStoryboardFile = "";
				INFOPLIST_KEY_UISupportedInterfaceOrientations = UIInterfaceOrientationPortrait;
				INFOPLIST_KEY_UISupportedInterfaceOrientations_iPad = "UIInterfaceOrientationLandscapeLeft UIInterfaceOrientationLandscapeRight UIInterfaceOrientationPortrait UIInterfaceOrientationPortraitUpsideDown";
				LD_RUNPATH_SEARCH_PATHS = (
					"$(inherited)",
					"@executable_path/Frameworks",
				);
				MARKETING_VERSION = 1.0;
				PRODUCT_BUNDLE_IDENTIFIER = v.MoodPaws;
				PRODUCT_NAME = "$(TARGET_NAME)";
				SUPPORTED_PLATFORMS = "iphoneos iphonesimulator";
				SUPPORTS_MACCATALYST = NO;
				SUPPORTS_MAC_DESIGNED_FOR_IPHONE_IPAD = NO;
				SWIFT_EMIT_LOC_STRINGS = YES;
				SWIFT_VERSION = 5.0;
				TARGETED_DEVICE_FAMILY = "1,2";
			};
			name = Debug;
		};
		A630D4DC296558F700FAA669 /* Release */ = {
			isa = XCBuildConfiguration;
			baseConfigurationReference = 08B5C4AD7DE834D095FDDEE3 /* Pods-MoodPaws.release.xcconfig */;
			buildSettings = {
				ASSETCATALOG_COMPILER_APPICON_NAME = AppIcon;
				ASSETCATALOG_COMPILER_GLOBAL_ACCENT_COLOR_NAME = AccentColor;
				CODE_SIGN_STYLE = Automatic;
				CURRENT_PROJECT_VERSION = 1;
				DEVELOPMENT_TEAM = RX93WCSR44;
				GENERATE_INFOPLIST_FILE = YES;
				INFOPLIST_FILE = MoodPaws/Info.plist;
				INFOPLIST_KEY_UIApplicationSupportsIndirectInputEvents = YES;
				INFOPLIST_KEY_UILaunchStoryboardName = LaunchScreen;
				INFOPLIST_KEY_UIMainStoryboardFile = "";
				INFOPLIST_KEY_UISupportedInterfaceOrientations = UIInterfaceOrientationPortrait;
				INFOPLIST_KEY_UISupportedInterfaceOrientations_iPad = "UIInterfaceOrientationLandscapeLeft UIInterfaceOrientationLandscapeRight UIInterfaceOrientationPortrait UIInterfaceOrientationPortraitUpsideDown";
				LD_RUNPATH_SEARCH_PATHS = (
					"$(inherited)",
					"@executable_path/Frameworks",
				);
				MARKETING_VERSION = 1.0;
				PRODUCT_BUNDLE_IDENTIFIER = v.MoodPaws;
				PRODUCT_NAME = "$(TARGET_NAME)";
				SUPPORTED_PLATFORMS = "iphoneos iphonesimulator";
				SUPPORTS_MACCATALYST = NO;
				SUPPORTS_MAC_DESIGNED_FOR_IPHONE_IPAD = NO;
				SWIFT_EMIT_LOC_STRINGS = YES;
				SWIFT_VERSION = 5.0;
				TARGETED_DEVICE_FAMILY = "1,2";
			};
			name = Release;
		};
/* End XCBuildConfiguration section */

/* Begin XCConfigurationList section */
		A630D4BE296558F600FAA669 /* Build configuration list for PBXProject "MoodPaws" */ = {
			isa = XCConfigurationList;
			buildConfigurations = (
				A630D4D8296558F700FAA669 /* Debug */,
				A630D4D9296558F700FAA669 /* Release */,
			);
			defaultConfigurationIsVisible = 0;
			defaultConfigurationName = Release;
		};
		A630D4DA296558F700FAA669 /* Build configuration list for PBXNativeTarget "MoodPaws" */ = {
			isa = XCConfigurationList;
			buildConfigurations = (
				A630D4DB296558F700FAA669 /* Debug */,
				A630D4DC296558F700FAA669 /* Release */,
			);
			defaultConfigurationIsVisible = 0;
			defaultConfigurationName = Release;
		};
/* End XCConfigurationList section */

/* Begin XCVersionGroup section */
		A630D4CF296558F600FAA669 /* MoodPaws.xcdatamodeld */ = {
			isa = XCVersionGroup;
			children = (
				A630D4D0296558F600FAA669 /* MoodPaws.xcdatamodel */,
			);
			currentVersion = A630D4D0296558F600FAA669 /* MoodPaws.xcdatamodel */;
			path = MoodPaws.xcdatamodeld;
			sourceTree = "<group>";
			versionGroupType = wrapper.xcdatamodel;
		};
/* End XCVersionGroup section */
	};
	rootObject = A630D4BB296558F600FAA669 /* Project object */;
}
